
Microsoft Visual Studio Solution File, Format Version 10.00
# Visual Studio 2008
Project("{8BC9CEB8-8B4A-11D0-8D11-00A0C91BC942}") = "uvscroller", "uvscroller_lib.vcproj", "{5296635F-588E-4AA3-AF80-A5916BFDBB17}"
EndProject
Global
	GlobalSection(SolutionConfigurationPlatforms) = preSolution
		Debug|Win32 = Debug|Win32
		Release|Win32 = Release|Win32
	EndGlobalSection
	GlobalSection(ProjectConfigurationPlatforms) = postSolution
		{5296635F-588E-4AA3-AF80-A5916BFDBB17}.Debug|Win32.ActiveCfg = Release|Win32
		{5296635F-588E-4AA3-AF80-A5916BFDBB17}.Debug|Win32.Build.0 = Release|Win32
		{5296635F-588E-4AA3-AF80-A5916BFDBB17}.Release|Win32.ActiveCfg = Release|Win32
		{5296635F-588E-4AA3-AF80-A5916BFDBB17}.Release|Win32.Build.0 = Release|Win32
	EndGlobalSection
	GlobalSection(SolutionProperties) = preSolution
		HideSolutionNode = FALSE
	EndGlobalSection
EndGlobal
